
Microsoft Visual Studio Solution File, Format Version 12.00
# Visual Studio Version 17
VisualStudioVersion = 17.5.002.0
MinimumVisualStudioVersion = 10.0.40219.1
Project("{2150E333-8FDC-42A3-9474-1A3956D46DE8}") = "FitnessChallengeApp", "FitnessChallengeApp", "{8F12273D-FFF0-48E6-877D-F1E34C048E18}"
EndProject
Project("{9A19103F-16F7-4668-BE54-9A1E7A4F7556}") = "fitnessChallenge", "FitnessChallengeApp\fitnessChallenge\fitnessChallenge.csproj", "{376DFBFF-416B-488D-9383-F7C69153FE29}"
EndProject
Global
	GlobalSection(SolutionConfigurationPlatforms) = preSolution
		Debug|Any CPU = Debug|Any CPU
		Release|Any CPU = Release|Any CPU
	EndGlobalSection
	GlobalSection(ProjectConfigurationPlatforms) = postSolution
		{376DFBFF-416B-488D-9383-F7C69153FE29}.Debug|Any CPU.ActiveCfg = Debug|Any CPU
		{376DFBFF-416B-488D-9383-F7C69153FE29}.Debug|Any CPU.Build.0 = Debug|Any CPU
		{376DFBFF-416B-488D-9383-F7C69153FE29}.Release|Any CPU.ActiveCfg = Release|Any CPU
		{376DFBFF-416B-488D-9383-F7C69153FE29}.Release|Any CPU.Build.0 = Release|Any CPU
	EndGlobalSection
	GlobalSection(SolutionProperties) = preSolution
		HideSolutionNode = FALSE
	EndGlobalSection
	GlobalSection(NestedProjects) = preSolution
		{376DFBFF-416B-488D-9383-F7C69153FE29} = {8F12273D-FFF0-48E6-877D-F1E34C048E18}
	EndGlobalSection
	GlobalSection(ExtensibilityGlobals) = postSolution
		SolutionGuid = {1CFCAA1F-DE4B-4561-B94C-B18F9804B752}
	EndGlobalSection
EndGlobal
