
Microsoft Visual Studio Solution File, Format Version 12.00
# Visual Studio Version 17
VisualStudioVersion = 17.5.002.0
MinimumVisualStudioVersion = 10.0.40219.1
Project("{9A19103F-16F7-4668-BE54-9A1E7A4F7556}") = "fitnessChallenge", "fitnessChallenge.csproj", "{594B17C8-38A1-4A65-8DF2-83CA7EC97EDA}"
EndProject
Global
	GlobalSection(SolutionConfigurationPlatforms) = preSolution
		Debug|Any CPU = Debug|Any CPU
		Release|Any CPU = Release|Any CPU
	EndGlobalSection
	GlobalSection(ProjectConfigurationPlatforms) = postSolution
		{594B17C8-38A1-4A65-8DF2-83CA7EC97EDA}.Debug|Any CPU.ActiveCfg = Debug|Any CPU
		{594B17C8-38A1-4A65-8DF2-83CA7EC97EDA}.Debug|Any CPU.Build.0 = Debug|Any CPU
		{594B17C8-38A1-4A65-8DF2-83CA7EC97EDA}.Release|Any CPU.ActiveCfg = Release|Any CPU
		{594B17C8-38A1-4A65-8DF2-83CA7EC97EDA}.Release|Any CPU.Build.0 = Release|Any CPU
	EndGlobalSection
	GlobalSection(SolutionProperties) = preSolution
		HideSolutionNode = FALSE
	EndGlobalSection
	GlobalSection(ExtensibilityGlobals) = postSolution
		SolutionGuid = {4D03C17E-3443-416A-980C-B51431A916EB}
	EndGlobalSection
EndGlobal
